PODS:
  - DriveKitBeaconUtils (2.18.1):
    - DriveKitCore (= 2.18.1)
  - DriveKitCommonUI (2.16.1):
    - DriveKitCore
  - DriveKitCore (2.18.1):
    - DriveKitNetworking (= 2.18.1)
  - DriveKitDBTripAccess (2.18.1):
    - DriveKitCore (= 2.18.1)
  - DriveKitDBVehicleAccess (2.18.1):
    - DriveKitBeaconUtils (= 2.18.1)
    - DriveKitCore (= 2.18.1)
  - DriveKitNetworking (2.18.1)
  - DriveKitPermissionsUtilsUI (2.16.1):
    - DriveKitCommonUI (= 2.16.1)
    - DriveKitCore
  - DriveKitTripAnalysis (2.18.1):
    - DriveKitBeaconUtils (= 2.18.1)
    - DriveKitCore (= 2.18.1)
    - DriveKitDBTripAccess (= 2.18.1)
    - DriveKitDBVehicleAccess (= 2.18.1)

DEPENDENCIES:
  - DriveKitPermissionsUtilsUI (= 2.16.1)
  - DriveKitTripAnalysis (= 2.18.1)

SPEC REPOS:
  trunk:
    - DriveKitBeaconUtils
    - DriveKitCommonUI
    - DriveKitCore
    - DriveKitDBTripAccess
    - DriveKitDBVehicleAccess
    - DriveKitNetworking
    - DriveKitPermissionsUtilsUI
    - DriveKitTripAnalysis

SPEC CHECKSUMS:
  DriveKitBeaconUtils: 7721d5059ab9f9ed0c50ae0043d563d93f1c9306
  DriveKitCommonUI: 7393a9314128f65d310143b110af2e9436f5fe99
  DriveKitCore: 2ae41b63842ab645233fd9a8d73549e43f6ccd2c
  DriveKitDBTripAccess: bef17ff3c6f4e4e3fcf23d4128b3f97091e02c76
  DriveKitDBVehicleAccess: 73725bc1226e7eeedfc5a9375f7bdf2528c7f898
  DriveKitNetworking: 9385cc92536f77f36917d990a775a3acc62e001e
  DriveKitPermissionsUtilsUI: b863e0fddb05f110ff64e830d87ebce3eed20eec
  DriveKitTripAnalysis: 6e84987c11906c7cd2398b50140cff1a852c0219

PODFILE CHECKSUM: 139133d52a648ae71e3e861f6079957d4142368f

COCOAPODS: 1.16.2
